
Microsoft Visual Studio Solution File, Format Version 12.00
# Visual Studio Version 16
VisualStudioVersion = 16.0.30907.101
MinimumVisualStudioVersion = 10.0.40219.1
Project("{FAE04EC0-301F-11D3-BF4B-00C04F79EFBC}") = "sql-trivia-game", "sql-trivia-game.csproj", "{D0A936C4-1E59-43CE-9523-8B14C598A38E}"
EndProject
Global
	GlobalSection(SolutionConfigurationPlatforms) = preSolution
		Debug|Any CPU = Debug|Any CPU
		Release|Any CPU = Release|Any CPU
	EndGlobalSection
	GlobalSection(ProjectConfigurationPlatforms) = postSolution
		{D0A936C4-1E59-43CE-9523-8B14C598A38E}.Debug|Any CPU.ActiveCfg = Debug|Any CPU
		{D0A936C4-1E59-43CE-9523-8B14C598A38E}.Debug|Any CPU.Build.0 = Debug|Any CPU
		{D0A936C4-1E59-43CE-9523-8B14C598A38E}.Release|Any CPU.ActiveCfg = Release|Any CPU
		{D0A936C4-1E59-43CE-9523-8B14C598A38E}.Release|Any CPU.Build.0 = Release|Any CPU
	EndGlobalSection
	GlobalSection(SolutionProperties) = preSolution
		HideSolutionNode = FALSE
	EndGlobalSection
	GlobalSection(ExtensibilityGlobals) = postSolution
		SolutionGuid = {60D5AD14-BD63-4DC3-8584-50964E332494}
	EndGlobalSection
EndGlobal
